Microsoft Visual Studio Solution File, Format Version 12.00
# Visual Studio Version 17
VisualStudioVersion = 17.5.2.0
MinimumVisualStudioVersion = 10.0.40219.1
Project("{2150E333-8FDC-42A3-9474-1A3956D46DE8}") = "BookCatalogSystem", "BookCatalogSystem", "{0BAC0198-237C-3E34-B4A6-B64C7718BA5F}"
EndProject
Project("{FAE04EC0-301F-11D3-BF4B-00C04F79EFBC}") = "BookCatalogSystem", "BookCatalogSystem\CsharpApp\BookCatalogSystem.csproj", "{522A5B78-6FCD-F00B-1A96-73DB3773FAB8}"
EndProject
Global
	GlobalSection(SolutionConfigurationPlatforms) = preSolution
		Debug|Any CPU = Debug|Any CPU
		Release|Any CPU = Release|Any CPU
	EndGlobalSection
	GlobalSection(ProjectConfigurationPlatforms) = postSolution
		{522A5B78-6FCD-F00B-1A96-73DB3773FAB8}.Debug|Any CPU.ActiveCfg = Debug|Any CPU
		{522A5B78-6FCD-F00B-1A96-73DB3773FAB8}.Debug|Any CPU.Build.0 = Debug|Any CPU
		{522A5B78-6FCD-F00B-1A96-73DB3773FAB8}.Release|Any CPU.ActiveCfg = Release|Any CPU
		{522A5B78-6FCD-F00B-1A96-73DB3773FAB8}.Release|Any CPU.Build.0 = Release|Any CPU
	EndGlobalSection
	GlobalSection(SolutionProperties) = preSolution
		HideSolutionNode = FALSE
	EndGlobalSection
	GlobalSection(NestedProjects) = preSolution
		{522A5B78-6FCD-F00B-1A96-73DB3773FAB8} = {0BAC0198-237C-3E34-B4A6-B64C7718BA5F}
	EndGlobalSection
	GlobalSection(ExtensibilityGlobals) = postSolution
		SolutionGuid = {DFEE86CA-D950-4BB7-AB09-1CF373E9D45E}
	EndGlobalSection
EndGlobal
